{
  "name": "PF-Henrys-Merch2.0",
  "lockfileVersion": 2,
  "requires": true,
  "packages": {
    "": {
      "dependencies": {
        "bootstrap-icons": "^1.10.2"
      },
      "devDependencies": {
        "@types/node": "^18.11.15"
      }
    },
    "node_modules/@types/node": {
      "version": "18.11.15",
      "resolved": "https://registry.npmjs.org/@types/node/-/node-18.11.15.tgz",
      "integrity": "sha512-VkhBbVo2+2oozlkdHXLrb3zjsRkpdnaU2bXmX8Wgle3PUi569eLRaHGlgETQHR7lLL1w7GiG3h9SnePhxNDecw==",
      "dev": true
    },
    "node_modules/bootstrap-icons": {
      "version": "1.10.2",
      "resolved": "https://registry.npmjs.org/bootstrap-icons/-/bootstrap-icons-1.10.2.tgz",
      "integrity": "sha512-PTPYadRn1AMGr+QTSxe4ZCc+Wzv9DGZxbi3lNse/dajqV31n2/wl/7NX78ZpkvFgRNmH4ogdIQPQmxAfhEV6nA=="
    }
  },
  "dependencies": {
    "@types/node": {
      "version": "18.11.15",
      "resolved": "https://registry.npmjs.org/@types/node/-/node-18.11.15.tgz",
      "integrity": "sha512-VkhBbVo2+2oozlkdHXLrb3zjsRkpdnaU2bXmX8Wgle3PUi569eLRaHGlgETQHR7lLL1w7GiG3h9SnePhxNDecw==",
      "dev": true
    },
    "bootstrap-icons": {
      "version": "1.10.2",
      "resolved": "https://registry.npmjs.org/bootstrap-icons/-/bootstrap-icons-1.10.2.tgz",
      "integrity": "sha512-PTPYadRn1AMGr+QTSxe4ZCc+Wzv9DGZxbi3lNse/dajqV31n2/wl/7NX78ZpkvFgRNmH4ogdIQPQmxAfhEV6nA=="
    }
  }
}
